// !$*UTF8*$!
{
	archiveVersion = 1;
	classes = {
	};
	objectVersion = 55;
	objects = {

/* Begin PBXBuildFile section */
		BE3AAB59279B18FA00441281 /* CurrencyViewModel.swift in Sources */ = {isa = PBXBuildFile; fileRef = BE3AAB58279B18FA00441281 /* CurrencyViewModel.swift */; };
		BEC31DB8279AFBAD009D17F5 /* Currency.swift in Sources */ = {isa = PBXBuildFile; fileRef = BEC31DB7279AFBAD009D17F5 /* Currency.swift */; };
		BEC31DBA279AFC90009D17F5 /* WebService.swift in Sources */ = {isa = PBXBuildFile; fileRef = BEC31DB9279AFC90009D17F5 /* WebService.swift */; };
		BEFC4B7227940E3800CE7D15 /* AppDelegate.swift in Sources */ = {isa = PBXBuildFile; fileRef = BEFC4B7127940E3800CE7D15 /* AppDelegate.swift */; };
		BEFC4B7427940E3800CE7D15 /* SceneDelegate.swift in Sources */ = {isa = PBXBuildFile; fileRef = BEFC4B7327940E3800CE7D15 /* SceneDelegate.swift */; };
		BEFC4B7627940E3800CE7D15 /* ViewController.swift in Sources */ = {isa = PBXBuildFile; fileRef = BEFC4B7527940E3800CE7D15 /* ViewController.swift */; };
		BEFC4B7927940E3800CE7D15 /* Main.storyboard in Resources */ = {isa = PBXBuildFile; fileRef = BEFC4B7727940E3800CE7D15 /* Main.storyboard */; };
		BEFC4B7B27940E3900CE7D15 /* Assets.xcassets in Resources */ = {isa = PBXBuildFile; fileRef = BEFC4B7A27940E3900CE7D15 /* Assets.xcassets */; };
		BEFC4B7E27940E3900CE7D15 /* LaunchScreen.storyboard in Resources */ = {isa = PBXBuildFile; fileRef = BEFC4B7C27940E3900CE7D15 /* LaunchScreen.storyboard */; };
/* End PBXBuildFile section */

/* Begin PBXFileReference section */
		BE3AAB58279B18FA00441281 /* CurrencyViewModel.swift */ = {isa = PBXFileReference; lastKnownFileType = sourcecode.swift; path = CurrencyViewModel.swift; sourceTree = "<group>"; };
		BEC31DB7279AFBAD009D17F5 /* Currency.swift */ = {isa = PBXFileReference; lastKnownFileType = sourcecode.swift; path = Currency.swift; sourceTree = "<group>"; };
		BEC31DB9279AFC90009D17F5 /* WebService.swift */ = {isa = PBXFileReference; lastKnownFileType = sourcecode.swift; path = WebService.swift; sourceTree = "<group>"; };
		BEFC4B6E27940E3800CE7D15 /* DovizCevirici.app */ = {isa = PBXFileReference; explicitFileType = wrapper.application; includeInIndex = 0; path = DovizCevirici.app; sourceTree = BUILT_PRODUCTS_DIR; };
		BEFC4B7127940E3800CE7D15 /* AppDelegate.swift */ = {isa = PBXFileReference; lastKnownFileType = sourcecode.swift; path = AppDelegate.swift; sourceTree = "<group>"; };
		BEFC4B7327940E3800CE7D15 /* SceneDelegate.swift */ = {isa = PBXFileReference; lastKnownFileType = sourcecode.swift; path = SceneDelegate.swift; sourceTree = "<group>"; };
		BEFC4B7527940E3800CE7D15 /* ViewController.swift */ = {isa = PBXFileReference; lastKnownFileType = sourcecode.swift; path = ViewController.swift; sourceTree = "<group>"; };
		BEFC4B7827940E3800CE7D15 /* Base */ = {isa = PBXFileReference; lastKnownFileType = file.storyboard; name = Base; path = Base.lproj/Main.storyboard; sourceTree = "<group>"; };
		BEFC4B7A27940E3900CE7D15 /* Assets.xcassets */ = {isa = PBXFileReference; lastKnownFileType = folder.assetcatalog; path = Assets.xcassets; sourceTree = "<group>"; };
		BEFC4B7D27940E3900CE7D15 /* Base */ = {isa = PBXFileReference; lastKnownFileType = file.storyboard; name = Base; path = Base.lproj/LaunchScreen.storyboard; sourceTree = "<group>"; };
		BEFC4B7F27940E3900CE7D15 /* Info.plist */ = {isa = PBXFileReference; lastKnownFileType = text.plist.xml; path = Info.plist; sourceTree = "<group>"; };
/* End PBXFileReference section */

/* Begin PBXFrameworksBuildPhase section */
		BEFC4B6B27940E3800CE7D15 /* Frameworks */ = {
			isa = PBXFrameworksBuildPhase;
			buildActionMask = 2147483647;
			files = (
			);
			runOnlyForDeploymentPostprocessing = 0;
		};
/* End PBXFrameworksBuildPhase section */

/* Begin PBXGroup section */
		BEC31DB3279AF9F9009D17F5 /* Model */ = {
			isa = PBXGroup;
			children = (
				BEC31DB7279AFBAD009D17F5 /* Currency.swift */,
			);
			path = Model;
			sourceTree = "<group>";
		};
		BEC31DB4279AFA48009D17F5 /* ViewModel */ = {
			isa = PBXGroup;
			children = (
				BE3AAB58279B18FA00441281 /* CurrencyViewModel.swift */,
			);
			path = ViewModel;
			sourceTree = "<group>";
		};
		BEC31DB5279AFA57009D17F5 /* Service */ = {
			isa = PBXGroup;
			children = (
				BEC31DB9279AFC90009D17F5 /* WebService.swift */,
			);
			path = Service;
			sourceTree = "<group>";
		};
		BEC31DB6279AFA8D009D17F5 /* View */ = {
			isa = PBXGroup;
			children = (
				BEFC4B7127940E3800CE7D15 /* AppDelegate.swift */,
				BEFC4B7327940E3800CE7D15 /* SceneDelegate.swift */,
				BEFC4B7527940E3800CE7D15 /* ViewController.swift */,
			);
			path = View;
			sourceTree = "<group>";
		};
		BEFC4B6527940E3800CE7D15 = {
			isa = PBXGroup;
			children = (
				BEFC4B7027940E3800CE7D15 /* DovizCevirici */,
				BEFC4B6F27940E3800CE7D15 /* Products */,
			);
			sourceTree = "<group>";
		};
		BEFC4B6F27940E3800CE7D15 /* Products */ = {
			isa = PBXGroup;
			children = (
				BEFC4B6E27940E3800CE7D15 /* DovizCevirici.app */,
			);
			name = Products;
			sourceTree = "<group>";
		};
		BEFC4B7027940E3800CE7D15 /* DovizCevirici */ = {
			isa = PBXGroup;
			children = (
				BEC31DB5279AFA57009D17F5 /* Service */,
				BEC31DB4279AFA48009D17F5 /* ViewModel */,
				BEC31DB3279AF9F9009D17F5 /* Model */,
				BEC31DB6279AFA8D009D17F5 /* View */,
				BEFC4B7727940E3800CE7D15 /* Main.storyboard */,
				BEFC4B7A27940E3900CE7D15 /* Assets.xcassets */,
				BEFC4B7C27940E3900CE7D15 /* LaunchScreen.storyboard */,
				BEFC4B7F27940E3900CE7D15 /* Info.plist */,
			);
			path = DovizCevirici;
			sourceTree = "<group>";
		};
/* End PBXGroup section */

/* Begin PBXNativeTarget section */
		BEFC4B6D27940E3800CE7D15 /* DovizCevirici */ = {
			isa = PBXNativeTarget;
			buildConfigurationList = BEFC4B8227940E3900CE7D15 /* Build configuration list for PBXNativeTarget "DovizCevirici" */;
			buildPhases = (
				BEFC4B6A27940E3800CE7D15 /* Sources */,
				BEFC4B6B27940E3800CE7D15 /* Frameworks */,
				BEFC4B6C27940E3800CE7D15 /* Resources */,
			);
			buildRules = (
			);
			dependencies = (
			);
			name = DovizCevirici;
			productName = DovizCevirici;
			productReference = BEFC4B6E27940E3800CE7D15 /* DovizCevirici.app */;
			productType = "com.apple.product-type.application";
		};
/* End PBXNativeTarget section */

/* Begin PBXProject section */
		BEFC4B6627940E3800CE7D15 /* Project object */ = {
			isa = PBXProject;
			attributes = {
				BuildIndependentTargetsInParallel = 1;
				LastSwiftUpdateCheck = 1320;
				LastUpgradeCheck = 1320;
				TargetAttributes = {
					BEFC4B6D27940E3800CE7D15 = {
						CreatedOnToolsVersion = 13.2.1;
					};
				};
			};
			buildConfigurationList = BEFC4B6927940E3800CE7D15 /* Build configuration list for PBXProject "DovizCevirici" */;
			compatibilityVersion = "Xcode 13.0";
			developmentRegion = en;
			hasScannedForEncodings = 0;
			knownRegions = (
				en,
				Base,
			);
			mainGroup = BEFC4B6527940E3800CE7D15;
			productRefGroup = BEFC4B6F27940E3800CE7D15 /* Products */;
			projectDirPath = "";
			projectRoot = "";
			targets = (
				BEFC4B6D27940E3800CE7D15 /* DovizCevirici */,
			);
		};
/* End PBXProject section */

/* Begin PBXResourcesBuildPhase section */
		BEFC4B6C27940E3800CE7D15 /* Resources */ = {
			isa = PBXResourcesBuildPhase;
			buildActionMask = 2147483647;
			files = (
				BEFC4B7E27940E3900CE7D15 /* LaunchScreen.storyboard in Resources */,
				BEFC4B7B27940E3900CE7D15 /* Assets.xcassets in Resources */,
				BEFC4B7927940E3800CE7D15 /* Main.storyboard in Resources */,
			);
			runOnlyForDeploymentPostprocessing = 0;
		};
/* End PBXResourcesBuildPhase section */

/* Begin PBXSourcesBuildPhase section */
		BEFC4B6A27940E3800CE7D15 /* Sources */ = {
			isa = PBXSourcesBuildPhase;
			buildActionMask = 2147483647;
			files = (
				BEC31DB8279AFBAD009D17F5 /* Currency.swift in Sources */,
				BE3AAB59279B18FA00441281 /* CurrencyViewModel.swift in Sources */,
				BEFC4B7627940E3800CE7D15 /* ViewController.swift in Sources */,
				BEFC4B7227940E3800CE7D15 /* AppDelegate.swift in Sources */,
				BEC31DBA279AFC90009D17F5 /* WebService.swift in Sources */,
				BEFC4B7427940E3800CE7D15 /* SceneDelegate.swift in Sources */,
			);
			runOnlyForDeploymentPostprocessing = 0;
		};
/* End PBXSourcesBuildPhase section */

/* Begin PBXVariantGroup section */
		BEFC4B7727940E3800CE7D15 /* Main.storyboard */ = {
			isa = PBXVariantGroup;
			children = (
				BEFC4B7827940E3800CE7D15 /* Base */,
			);
			name = Main.storyboard;
			sourceTree = "<group>";
		};
		BEFC4B7C27940E3900CE7D15 /* LaunchScreen.storyboard */ = {
			isa = PBXVariantGroup;
			children = (
				BEFC4B7D27940E3900CE7D15 /* Base */,
			);
			name = LaunchScreen.storyboard;
			sourceTree = "<group>";
		};
/* End PBXVariantGroup section */

/* Begin XCBuildConfiguration section */
		BEFC4B8027940E3900CE7D15 /* Debug */ = {
			isa = XCBuildConfiguration;
			buildSettings = {
				ALWAYS_SEARCH_USER_PATHS = NO;
				CLANG_ANALYZER_NONNULL = YES;
				CLANG_ANALYZER_NUMBER_OBJECT_CONVERSION = YES_AGGRESSIVE;
				CLANG_CXX_LANGUAGE_STANDARD = "gnu++17";
				CLANG_CXX_LIBRARY = "libc++";
				CLANG_ENABLE_MODULES = YES;
				CLANG_ENABLE_OBJC_ARC = YES;
				CLANG_ENABLE_OBJC_WEAK = YES;
				CLANG_WARN_BLOCK_CAPTURE_AUTORELEASING = YES;
				CLANG_WARN_BOOL_CONVERSION = YES;
				CLANG_WARN_COMMA = YES;
				CLANG_WARN_CONSTANT_CONVERSION = YES;
				CLANG_WARN_DEPRECATED_OBJC_IMPLEMENTATIONS = YES;
				CLANG_WARN_DIRECT_OBJC_ISA_USAGE = YES_ERROR;
				CLANG_WARN_DOCUMENTATION_COMMENTS = YES;
				CLANG_WARN_EMPTY_BODY = YES;
				CLANG_WARN_ENUM_CONVERSION = YES;
				CLANG_WARN_INFINITE_RECURSION = YES;
				CLANG_WARN_INT_CONVERSION = YES;
				CLANG_WARN_NON_LITERAL_NULL_CONVERSION = YES;
				CLANG_WARN_OBJC_IMPLICIT_RETAIN_SELF = YES;
				CLANG_WARN_OBJC_LITERAL_CONVERSION = YES;
				CLANG_WARN_OBJC_ROOT_CLASS = YES_ERROR;
				CLANG_WARN_QUOTED_INCLUDE_IN_FRAMEWORK_HEADER = YES;
				CLANG_WARN_RANGE_LOOP_ANALYSIS = YES;
				CLANG_WARN_STRICT_PROTOTYPES = YES;
				CLANG_WARN_SUSPICIOUS_MOVE = YES;
				CLANG_WARN_UNGUARDED_AVAILABILITY = YES_AGGRESSIVE;
				CLANG_WARN_UNREACHABLE_CODE = YES;
				CLANG_WARN__DUPLICATE_METHOD_MATCH = YES;
				COPY_PHASE_STRIP = NO;
				DEBUG_INFORMATION_FORMAT = dwarf;
				ENABLE_STRICT_OBJC_MSGSEND = YES;
				ENABLE_TESTABILITY = YES;
				GCC_C_LANGUAGE_STANDARD = gnu11;
				GCC_DYNAMIC_NO_PIC = NO;
				GCC_NO_COMMON_BLOCKS = YES;
				GCC_OPTIMIZATION_LEVEL = 0;
				GCC_PREPROCESSOR_DEFINITIONS = (
					"DEBUG=1",
					"$(inherited)",
				);
				GCC_WARN_64_TO_32_BIT_CONVERSION = YES;
				GCC_WARN_ABOUT_RETURN_TYPE = YES_ERROR;
				GCC_WARN_UNDECLARED_SELECTOR = YES;
				GCC_WARN_UNINITIALIZED_AUTOS = YES_AGGRESSIVE;
				GCC_WARN_UNUSED_FUNCTION = YES;
				GCC_WARN_UNUSED_VARIABLE = YES;
				IPHONEOS_DEPLOYMENT_TARGET = 15.2;
				MTL_ENABLE_DEBUG_INFO = INCLUDE_SOURCE;
				MTL_FAST_MATH = YES;
				ONLY_ACTIVE_ARCH = YES;
				SDKROOT = iphoneos;
				SWIFT_ACTIVE_COMPILATION_CONDITIONS = DEBUG;
				SWIFT_OPTIMIZATION_LEVEL = "-Onone";
			};
			name = Debug;
		};
		BEFC4B8127940E3900CE7D15 /* Release */ = {
			isa = XCBuildConfiguration;
			buildSettings = {
				ALWAYS_SEARCH_USER_PATHS = NO;
				CLANG_ANALYZER_NONNULL = YES;
				CLANG_ANALYZER_NUMBER_OBJECT_CONVERSION = YES_AGGRESSIVE;
				CLANG_CXX_LANGUAGE_STANDARD = "gnu++17";
				CLANG_CXX_LIBRARY = "libc++";
				CLANG_ENABLE_MODULES = YES;
				CLANG_ENABLE_OBJC_ARC = YES;
				CLANG_ENABLE_OBJC_WEAK = YES;
				CLANG_WARN_BLOCK_CAPTURE_AUTORELEASING = YES;
				CLANG_WARN_BOOL_CONVERSION = YES;
				CLANG_WARN_COMMA = YES;
				CLANG_WARN_CONSTANT_CONVERSION = YES;
				CLANG_WARN_DEPRECATED_OBJC_IMPLEMENTATIONS = YES;
				CLANG_WARN_DIRECT_OBJC_ISA_USAGE = YES_ERROR;
				CLANG_WARN_DOCUMENTATION_COMMENTS = YES;
				CLANG_WARN_EMPTY_BODY = YES;
				CLANG_WARN_ENUM_CONVERSION = YES;
				CLANG_WARN_INFINITE_RECURSION = YES;
				CLANG_WARN_INT_CONVERSION = YES;
				CLANG_WARN_NON_LITERAL_NULL_CONVERSION = YES;
				CLANG_WARN_OBJC_IMPLICIT_RETAIN_SELF = YES;
				CLANG_WARN_OBJC_LITERAL_CONVERSION = YES;
				CLANG_WARN_OBJC_ROOT_CLASS = YES_ERROR;
				CLANG_WARN_QUOTED_INCLUDE_IN_FRAMEWORK_HEADER = YES;
				CLANG_WARN_RANGE_LOOP_ANALYSIS = YES;
				CLANG_WARN_STRICT_PROTOTYPES = YES;
				CLANG_WARN_SUSPICIOUS_MOVE = YES;
				CLANG_WARN_UNGUARDED_AVAILABILITY = YES_AGGRESSIVE;
				CLANG_WARN_UNREACHABLE_CODE = YES;
				CLANG_WARN__DUPLICATE_METHOD_MATCH = YES;
				COPY_PHASE_STRIP = NO;
				DEBUG_INFORMATION_FORMAT = "dwarf-with-dsym";
				ENABLE_NS_ASSERTIONS = NO;
				ENABLE_STRICT_OBJC_MSGSEND = YES;
				GCC_C_LANGUAGE_STANDARD = gnu11;
				GCC_NO_COMMON_BLOCKS = YES;
				GCC_WARN_64_TO_32_BIT_CONVERSION = YES;
				GCC_WARN_ABOUT_RETURN_TYPE = YES_ERROR;
				GCC_WARN_UNDECLARED_SELECTOR = YES;
				GCC_WARN_UNINITIALIZED_AUTOS = YES_AGGRESSIVE;
				GCC_WARN_UNUSED_FUNCTION = YES;
				GCC_WARN_UNUSED_VARIABLE = YES;
				IPHONEOS_DEPLOYMENT_TARGET = 15.2;
				MTL_ENABLE_DEBUG_INFO = NO;
				MTL_FAST_MATH = YES;
				SDKROOT = iphoneos;
				SWIFT_COMPILATION_MODE = wholemodule;
				SWIFT_OPTIMIZATION_LEVEL = "-O";
				VALIDATE_PRODUCT = YES;
			};
			name = Release;
		};
		BEFC4B8327940E3900CE7D15 /* Debug */ = {
			isa = XCBuildConfiguration;
			buildSettings = {
				ASSETCATALOG_COMPILER_APPICON_NAME = AppIcon;
				ASSETCATALOG_COMPILER_GLOBAL_ACCENT_COLOR_NAME = AccentColor;
				CODE_SIGN_STYLE = Automatic;
				CURRENT_PROJECT_VERSION = 1;
				DEVELOPMENT_TEAM = NTY454HFMA;
				GENERATE_INFOPLIST_FILE = YES;
				INFOPLIST_FILE = DovizCevirici/Info.plist;
				INFOPLIST_KEY_UIApplicationSupportsIndirectInputEvents = YES;
				INFOPLIST_KEY_UILaunchStoryboardName = LaunchScreen;
				INFOPLIST_KEY_UIMainStoryboardFile = Main;
				INFOPLIST_KEY_UISupportedInterfaceOrientations_iPad = "UIInterfaceOrientationPortrait UIInterfaceOrientationPortraitUpsideDown UIInterfaceOrientationLandscapeLeft UIInterfaceOrientationLandscapeRight";
				INFOPLIST_KEY_UISupportedInterfaceOrientations_iPhone = "UIInterfaceOrientationPortrait UIInterfaceOrientationLandscapeLeft UIInterfaceOrientationLandscapeRight";
				LD_RUNPATH_SEARCH_PATHS = (
					"$(inherited)",
					"@executable_path/Frameworks",
				);
				MARKETING_VERSION = 1.0;
				PRODUCT_BUNDLE_IDENTIFIER = com.onurcankurt.DovizCevirici;
				PRODUCT_NAME = "$(TARGET_NAME)";
				SWIFT_EMIT_LOC_STRINGS = YES;
				SWIFT_VERSION = 5.0;
				TARGETED_DEVICE_FAMILY = "1,2";
			};
			name = Debug;
		};
		BEFC4B8427940E3900CE7D15 /* Release */ = {
			isa = XCBuildConfiguration;
			buildSettings = {
				ASSETCATALOG_COMPILER_APPICON_NAME = AppIcon;
				ASSETCATALOG_COMPILER_GLOBAL_ACCENT_COLOR_NAME = AccentColor;
				CODE_SIGN_STYLE = Automatic;
				CURRENT_PROJECT_VERSION = 1;
				DEVELOPMENT_TEAM = NTY454HFMA;
				GENERATE_INFOPLIST_FILE = YES;
				INFOPLIST_FILE = DovizCevirici/Info.plist;
				INFOPLIST_KEY_UIApplicationSupportsIndirectInputEvents = YES;
				INFOPLIST_KEY_UILaunchStoryboardName = LaunchScreen;
				INFOPLIST_KEY_UIMainStoryboardFile = Main;
				INFOPLIST_KEY_UISupportedInterfaceOrientations_iPad = "UIInterfaceOrientationPortrait UIInterfaceOrientationPortraitUpsideDown UIInterfaceOrientationLandscapeLeft UIInterfaceOrientationLandscapeRight";
				INFOPLIST_KEY_UISupportedInterfaceOrientations_iPhone = "UIInterfaceOrientationPortrait UIInterfaceOrientationLandscapeLeft UIInterfaceOrientationLandscapeRight";
				LD_RUNPATH_SEARCH_PATHS = (
					"$(inherited)",
					"@executable_path/Frameworks",
				);
				MARKETING_VERSION = 1.0;
				PRODUCT_BUNDLE_IDENTIFIER = com.onurcankurt.DovizCevirici;
				PRODUCT_NAME = "$(TARGET_NAME)";
				SWIFT_EMIT_LOC_STRINGS = YES;
				SWIFT_VERSION = 5.0;
				TARGETED_DEVICE_FAMILY = "1,2";
			};
			name = Release;
		};
/* End XCBuildConfiguration section */

/* Begin XCConfigurationList section */
		BEFC4B6927940E3800CE7D15 /* Build configuration list for PBXProject "DovizCevirici" */ = {
			isa = XCConfigurationList;
			buildConfigurations = (
				BEFC4B8027940E3900CE7D15 /* Debug */,
				BEFC4B8127940E3900CE7D15 /* Release */,
			);
			defaultConfigurationIsVisible = 0;
			defaultConfigurationName = Release;
		};
		BEFC4B8227940E3900CE7D15 /* Build configuration list for PBXNativeTarget "DovizCevirici" */ = {
			isa = XCConfigurationList;
			buildConfigurations = (
				BEFC4B8327940E3900CE7D15 /* Debug */,
				BEFC4B8427940E3900CE7D15 /* Release */,
			);
			defaultConfigurationIsVisible = 0;
			defaultConfigurationName = Release;
		};
/* End XCConfigurationList section */
	};
	rootObject = BEFC4B6627940E3800CE7D15 /* Project object */;
}
